# Generated by `docstale stamp`. Commit this file with your changes.

"AGENTS.md" = "a9b9ac2a42db91f4"

"CONTRIBUTING.md" = "c1d8a8cf3c5d4e26"

"README.md" = "0644254fe4af8ecb"

"SECURITY.md" = "36164f1b0bced5cd"

"docs/assets/agent-session.svg" = "c35c20fbfa774f22"

"docs/installation.md" = "dff31127c3467b7e"

"docs/reference.md" = "5cd578dbef05a9d6"
