# Generated by `docstale stamp`. Commit this file with your changes.

"AGENTS.md" = "a9b9ac2a42db91f4"

"CONTRIBUTING.md" = "c1d8a8cf3c5d4e26"

"README.md" = "9c533d7f3c6beb48"

"SECURITY.md" = "36164f1b0bced5cd"

"docs/assets/agent-session.svg" = "c35c20fbfa774f22"

"docs/installation.md" = "57969d816c912d79"

"docs/reference.md" = "3a5b006f969834ba"
