# Generated by `docstale stamp`. Commit this file with your changes.

"AGENTS.md" = "e7e24aa7e814a65f"

"CONTRIBUTING.md" = "5b2b9913d4b355e7"

"README.md" = "fda162360b901421"

"SECURITY.md" = "7a98b808321fedda"

"docs/assets/agent-session.svg" = "c35c20fbfa774f22"

"docs/installation.md" = "3664a1ffa182ab54"

"docs/reference.md" = "e8e332548066b703"
